// !$*UTF8*$!
{
	archiveVersion = 1;
	classes = {
	};
	objectVersion = 46;
	objects = {

/* Begin PBXBuildFile section */
		76094B862006236D00C1E673 /* libPods-EasyDate.a in Frameworks */ = {isa = PBXBuildFile; fileRef = 76094B872006236D00C1E673 /* libPods-EasyDate.a */; };
		762809041D5FB088001DE507 /* main.m in Sources */ = {isa = PBXBuildFile; fileRef = 762809031D5FB088001DE507 /* main.m */; };
		762809071D5FB088001DE507 /* AppDelegate.m in Sources */ = {isa = PBXBuildFile; fileRef = 762809061D5FB088001DE507 /* AppDelegate.m */; };
		7628090A1D5FB088001DE507 /* ViewController.m in Sources */ = {isa = PBXBuildFile; fileRef = 762809091D5FB088001DE507 /* ViewController.m */; };
		7628090D1D5FB088001DE507 /* Main.storyboard in Resources */ = {isa = PBXBuildFile; fileRef = 7628090B1D5FB088001DE507 /* Main.storyboard */; };
		762809101D5FB088001DE507 /* EasyDate.xcdatamodeld in Sources */ = {isa = PBXBuildFile; fileRef = 7628090E1D5FB088001DE507 /* EasyDate.xcdatamodeld */; };
		762809121D5FB088001DE507 /* Assets.xcassets in Resources */ = {isa = PBXBuildFile; fileRef = 762809111D5FB088001DE507 /* Assets.xcassets */; };
		762809151D5FB088001DE507 /* LaunchScreen.storyboard in Resources */ = {isa = PBXBuildFile; fileRef = 762809131D5FB088001DE507 /* LaunchScreen.storyboard */; };
		7628091F1D5FB12B001DE507 /* NSDate+Easy.m in Sources */ = {isa = PBXBuildFile; fileRef = 7628091E1D5FB12B001DE507 /* NSDate+Easy.m */; };
		7670628F1D5FBC7E0051DDBE /* EasyDateTests.m in Sources */ = {isa = PBXBuildFile; fileRef = 7670628E1D5FBC7E0051DDBE /* EasyDateTests.m */; };
		767062981D60B9E30051DDBE /* NSString+EasyDate.m in Sources */ = {isa = PBXBuildFile; fileRef = 767062971D60B9E30051DDBE /* NSString+EasyDate.m */; };
		7670629B1D60BAB60051DDBE /* EasyDate.podspec.json in Resources */ = {isa = PBXBuildFile; fileRef = 767062991D60BAB60051DDBE /* EasyDate.podspec.json */; };
		C66790C31A5F7D110A9261B7 /* libPods-EasyDateTests.a in Frameworks */ = {isa = PBXBuildFile; fileRef = DD89DEC075CACEFFB10A14E9 /* libPods-EasyDateTests.a */; };
/* End PBXBuildFile section */

/* Begin PBXContainerItemProxy section */
		767062911D5FBC7E0051DDBE /* PBXContainerItemProxy */ = {
			isa = PBXContainerItemProxy;
			containerPortal = 762808F71D5FB088001DE507 /* Project object */;
			proxyType = 1;
			remoteGlobalIDString = 762808FE1D5FB088001DE507;
			remoteInfo = EasyDate;
		};
/* End PBXContainerItemProxy section */

/* Begin PBXFileReference section */
		128141AE48352838E197C364 /* Pods-EasyDate.debug.xcconfig */ = {isa = PBXFileReference; includeInIndex = 1; lastKnownFileType = text.xcconfig; name = "Pods-EasyDate.debug.xcconfig"; path = "Pods/Target Support Files/Pods-EasyDate/Pods-EasyDate.debug.xcconfig"; sourceTree = "<group>"; };
		1BE339C762E0FF40AC8291C0 /* libPods.a */ = {isa = PBXFileReference; explicitFileType = archive.ar; includeInIndex = 0; path = libPods.a; sourceTree = BUILT_PRODUCTS_DIR; };
		3DAECC602F03F05C41F61C98 /* libPods-EasyDate.a */ = {isa = PBXFileReference; explicitFileType = archive.ar; includeInIndex = 0; path = "libPods-EasyDate.a"; sourceTree = BUILT_PRODUCTS_DIR; };
		5059C59D5686DBDBB27B38B1 /* Pods.debug.xcconfig */ = {isa = PBXFileReference; includeInIndex = 1; lastKnownFileType = text.xcconfig; name = Pods.debug.xcconfig; path = "Pods/Target Support Files/Pods/Pods.debug.xcconfig"; sourceTree = "<group>"; };
		55FBEC4EA7EC536D9E2B3695 /* Pods.release.xcconfig */ = {isa = PBXFileReference; includeInIndex = 1; lastKnownFileType = text.xcconfig; name = Pods.release.xcconfig; path = "Pods/Target Support Files/Pods/Pods.release.xcconfig"; sourceTree = "<group>"; };
		76094B872006236D00C1E673 /* libPods-EasyDate.a */ = {isa = PBXFileReference; explicitFileType = archive.ar; path = "libPods-EasyDate.a"; sourceTree = BUILT_PRODUCTS_DIR; };
		762808FF1D5FB088001DE507 /* EasyDate.app */ = {isa = PBXFileReference; explicitFileType = wrapper.application; includeInIndex = 0; path = EasyDate.app; sourceTree = BUILT_PRODUCTS_DIR; };
		762809031D5FB088001DE507 /* main.m */ = {isa = PBXFileReference; lastKnownFileType = sourcecode.c.objc; path = main.m; sourceTree = "<group>"; };
		762809051D5FB088001DE507 /* AppDelegate.h */ = {isa = PBXFileReference; lastKnownFileType = sourcecode.c.h; path = AppDelegate.h; sourceTree = "<group>"; };
		762809061D5FB088001DE507 /* AppDelegate.m */ = {isa = PBXFileReference; lastKnownFileType = sourcecode.c.objc; path = AppDelegate.m; sourceTree = "<group>"; };
		762809081D5FB088001DE507 /* ViewController.h */ = {isa = PBXFileReference; lastKnownFileType = sourcecode.c.h; path = ViewController.h; sourceTree = "<group>"; };
		762809091D5FB088001DE507 /* ViewController.m */ = {isa = PBXFileReference; lastKnownFileType = sourcecode.c.objc; path = ViewController.m; sourceTree = "<group>"; };
		7628090C1D5FB088001DE507 /* Base */ = {isa = PBXFileReference; lastKnownFileType = file.storyboard; name = Base; path = Base.lproj/Main.storyboard; sourceTree = "<group>"; };
		7628090F1D5FB088001DE507 /* EasyDate.xcdatamodel */ = {isa = PBXFileReference; lastKnownFileType = wrapper.xcdatamodel; path = EasyDate.xcdatamodel; sourceTree = "<group>"; };
		762809111D5FB088001DE507 /* Assets.xcassets */ = {isa = PBXFileReference; lastKnownFileType = folder.assetcatalog; path = Assets.xcassets; sourceTree = "<group>"; };
		762809141D5FB088001DE507 /* Base */ = {isa = PBXFileReference; lastKnownFileType = file.storyboard; name = Base; path = Base.lproj/LaunchScreen.storyboard; sourceTree = "<group>"; };
		762809161D5FB088001DE507 /* Info.plist */ = {isa = PBXFileReference; lastKnownFileType = text.plist.xml; path = Info.plist; sourceTree = "<group>"; };
		7628091D1D5FB12B001DE507 /* NSDate+Easy.h */ = {isa = PBXFileReference; fileEncoding = 4; lastKnownFileType = sourcecode.c.h; name = "NSDate+Easy.h"; path = "lib/NSDate+Easy.h"; sourceTree = "<group>"; };
		7628091E1D5FB12B001DE507 /* NSDate+Easy.m */ = {isa = PBXFileReference; fileEncoding = 4; lastKnownFileType = sourcecode.c.objc; name = "NSDate+Easy.m"; path = "lib/NSDate+Easy.m"; sourceTree = "<group>"; };
		7670628C1D5FBC7E0051DDBE /* EasyDateTests.xctest */ = {isa = PBXFileReference; explicitFileType = wrapper.cfbundle; includeInIndex = 0; path = EasyDateTests.xctest; sourceTree = BUILT_PRODUCTS_DIR; };
		7670628E1D5FBC7E0051DDBE /* EasyDateTests.m */ = {isa = PBXFileReference; lastKnownFileType = sourcecode.c.objc; path = EasyDateTests.m; sourceTree = "<group>"; };
		767062901D5FBC7E0051DDBE /* Info.plist */ = {isa = PBXFileReference; lastKnownFileType = text.plist.xml; path = Info.plist; sourceTree = "<group>"; };
		767062961D60B9E30051DDBE /* NSString+EasyDate.h */ = {isa = PBXFileReference; fileEncoding = 4; lastKnownFileType = sourcecode.c.h; name = "NSString+EasyDate.h"; path = "lib/NSString+EasyDate.h"; sourceTree = "<group>"; };
		767062971D60B9E30051DDBE /* NSString+EasyDate.m */ = {isa = PBXFileReference; fileEncoding = 4; lastKnownFileType = sourcecode.c.objc; name = "NSString+EasyDate.m"; path = "lib/NSString+EasyDate.m"; sourceTree = "<group>"; };
		767062991D60BAB60051DDBE /* EasyDate.podspec.json */ = {isa = PBXFileReference; fileEncoding = 4; lastKnownFileType = text.json; path = EasyDate.podspec.json; sourceTree = "<group>"; };
		7670629A1D60BAB60051DDBE /* readme.md */ = {isa = PBXFileReference; fileEncoding = 4; lastKnownFileType = net.daringfireball.markdown; path = readme.md; sourceTree = "<group>"; };
		A478CEB168DE164F071E6312 /* Pods-EasyDateTests.release.xcconfig */ = {isa = PBXFileReference; includeInIndex = 1; lastKnownFileType = text.xcconfig; name = "Pods-EasyDateTests.release.xcconfig"; path = "Pods/Target Support Files/Pods-EasyDateTests/Pods-EasyDateTests.release.xcconfig"; sourceTree = "<group>"; };
		DD89DEC075CACEFFB10A14E9 /* libPods-EasyDateTests.a */ = {isa = PBXFileReference; explicitFileType = archive.ar; includeInIndex = 0; path = "libPods-EasyDateTests.a"; sourceTree = BUILT_PRODUCTS_DIR; };
		ED343870285DEBB9FBC7555A /* Pods-EasyDate.release.xcconfig */ = {isa = PBXFileReference; includeInIndex = 1; lastKnownFileType = text.xcconfig; name = "Pods-EasyDate.release.xcconfig"; path = "Pods/Target Support Files/Pods-EasyDate/Pods-EasyDate.release.xcconfig"; sourceTree = "<group>"; };
		F1A3389D3A151703920EA7AD /* Pods-EasyDateTests.debug.xcconfig */ = {isa = PBXFileReference; includeInIndex = 1; lastKnownFileType = text.xcconfig; name = "Pods-EasyDateTests.debug.xcconfig"; path = "Pods/Target Support Files/Pods-EasyDateTests/Pods-EasyDateTests.debug.xcconfig"; sourceTree = "<group>"; };
/* End PBXFileReference section */

/* Begin PBXFrameworksBuildPhase section */
		762808FC1D5FB088001DE507 /* Frameworks */ = {
			isa = PBXFrameworksBuildPhase;
			buildActionMask = 2147483647;
			files = (
				76094B862006236D00C1E673 /* libPods-EasyDate.a in Frameworks */,
			);
			runOnlyForDeploymentPostprocessing = 0;
		};
		767062891D5FBC7E0051DDBE /* Frameworks */ = {
			isa = PBXFrameworksBuildPhase;
			buildActionMask = 2147483647;
			files = (
				C66790C31A5F7D110A9261B7 /* libPods-EasyDateTests.a in Frameworks */,
			);
			runOnlyForDeploymentPostprocessing = 0;
		};
/* End PBXFrameworksBuildPhase section */

/* Begin PBXGroup section */
		54B9F546B0A5A1E669A4E884 /* Frameworks */ = {
			isa = PBXGroup;
			children = (
				76094B872006236D00C1E673 /* libPods-EasyDate.a */,
				1BE339C762E0FF40AC8291C0 /* libPods.a */,
				3DAECC602F03F05C41F61C98 /* libPods-EasyDate.a */,
				DD89DEC075CACEFFB10A14E9 /* libPods-EasyDateTests.a */,
			);
			name = Frameworks;
			sourceTree = "<group>";
		};
		762808F61D5FB088001DE507 = {
			isa = PBXGroup;
			children = (
				767062991D60BAB60051DDBE /* EasyDate.podspec.json */,
				7670629A1D60BAB60051DDBE /* readme.md */,
				762809011D5FB088001DE507 /* EasyDate */,
				7670628D1D5FBC7E0051DDBE /* EasyDateTests */,
				762809001D5FB088001DE507 /* Products */,
				CBFB8BECB0C8396DF69521D8 /* Pods */,
				54B9F546B0A5A1E669A4E884 /* Frameworks */,
			);
			sourceTree = "<group>";
		};
		762809001D5FB088001DE507 /* Products */ = {
			isa = PBXGroup;
			children = (
				762808FF1D5FB088001DE507 /* EasyDate.app */,
				7670628C1D5FBC7E0051DDBE /* EasyDateTests.xctest */,
			);
			name = Products;
			sourceTree = "<group>";
		};
		762809011D5FB088001DE507 /* EasyDate */ = {
			isa = PBXGroup;
			children = (
				7628091C1D5FB0FA001DE507 /* lib */,
				762809051D5FB088001DE507 /* AppDelegate.h */,
				762809061D5FB088001DE507 /* AppDelegate.m */,
				762809081D5FB088001DE507 /* ViewController.h */,
				762809091D5FB088001DE507 /* ViewController.m */,
				7628090B1D5FB088001DE507 /* Main.storyboard */,
				762809111D5FB088001DE507 /* Assets.xcassets */,
				762809131D5FB088001DE507 /* LaunchScreen.storyboard */,
				762809161D5FB088001DE507 /* Info.plist */,
				7628090E1D5FB088001DE507 /* EasyDate.xcdatamodeld */,
				762809021D5FB088001DE507 /* Supporting Files */,
			);
			path = EasyDate;
			sourceTree = "<group>";
		};
		762809021D5FB088001DE507 /* Supporting Files */ = {
			isa = PBXGroup;
			children = (
				762809031D5FB088001DE507 /* main.m */,
			);
			name = "Supporting Files";
			sourceTree = "<group>";
		};
		7628091C1D5FB0FA001DE507 /* lib */ = {
			isa = PBXGroup;
			children = (
				7628091D1D5FB12B001DE507 /* NSDate+Easy.h */,
				7628091E1D5FB12B001DE507 /* NSDate+Easy.m */,
				767062961D60B9E30051DDBE /* NSString+EasyDate.h */,
				767062971D60B9E30051DDBE /* NSString+EasyDate.m */,
			);
			name = lib;
			sourceTree = "<group>";
		};
		7670628D1D5FBC7E0051DDBE /* EasyDateTests */ = {
			isa = PBXGroup;
			children = (
				7670628E1D5FBC7E0051DDBE /* EasyDateTests.m */,
				767062901D5FBC7E0051DDBE /* Info.plist */,
			);
			path = EasyDateTests;
			sourceTree = "<group>";
		};
		CBFB8BECB0C8396DF69521D8 /* Pods */ = {
			isa = PBXGroup;
			children = (
				5059C59D5686DBDBB27B38B1 /* Pods.debug.xcconfig */,
				55FBEC4EA7EC536D9E2B3695 /* Pods.release.xcconfig */,
				128141AE48352838E197C364 /* Pods-EasyDate.debug.xcconfig */,
				ED343870285DEBB9FBC7555A /* Pods-EasyDate.release.xcconfig */,
				F1A3389D3A151703920EA7AD /* Pods-EasyDateTests.debug.xcconfig */,
				A478CEB168DE164F071E6312 /* Pods-EasyDateTests.release.xcconfig */,
			);
			name = Pods;
			sourceTree = "<group>";
		};
/* End PBXGroup section */

/* Begin PBXNativeTarget section */
		762808FE1D5FB088001DE507 /* EasyDate */ = {
			isa = PBXNativeTarget;
			buildConfigurationList = 762809191D5FB088001DE507 /* Build configuration list for PBXNativeTarget "EasyDate" */;
			buildPhases = (
				E0D4EB60D68B9F9239C8B806 /* [CP] Check Pods Manifest.lock */,
				762808FB1D5FB088001DE507 /* Sources */,
				762808FC1D5FB088001DE507 /* Frameworks */,
				762808FD1D5FB088001DE507 /* Resources */,
				94E7D9E155BBAE142FBCFF15 /* [CP] Copy Pods Resources */,
			);
			buildRules = (
			);
			dependencies = (
			);
			name = EasyDate;
			productName = EasyDate;
			productReference = 762808FF1D5FB088001DE507 /* EasyDate.app */;
			productType = "com.apple.product-type.application";
		};
		7670628B1D5FBC7E0051DDBE /* EasyDateTests */ = {
			isa = PBXNativeTarget;
			buildConfigurationList = 767062951D5FBC7E0051DDBE /* Build configuration list for PBXNativeTarget "EasyDateTests" */;
			buildPhases = (
				3E4C0A041DA2B0F78679BA83 /* [CP] Check Pods Manifest.lock */,
				767062881D5FBC7E0051DDBE /* Sources */,
				767062891D5FBC7E0051DDBE /* Frameworks */,
				7670628A1D5FBC7E0051DDBE /* Resources */,
			);
			buildRules = (
			);
			dependencies = (
				767062921D5FBC7E0051DDBE /* PBXTargetDependency */,
			);
			name = EasyDateTests;
			productName = EasyDateTests;
			productReference = 7670628C1D5FBC7E0051DDBE /* EasyDateTests.xctest */;
			productType = "com.apple.product-type.bundle.unit-test";
		};
/* End PBXNativeTarget section */

/* Begin PBXProject section */
		762808F71D5FB088001DE507 /* Project object */ = {
			isa = PBXProject;
			attributes = {
				LastUpgradeCheck = 1010;
				ORGANIZATIONNAME = revo;
				TargetAttributes = {
					762808FE1D5FB088001DE507 = {
						CreatedOnToolsVersion = 7.3.1;
					};
					7670628B1D5FBC7E0051DDBE = {
						CreatedOnToolsVersion = 7.3.1;
						TestTargetID = 762808FE1D5FB088001DE507;
					};
				};
			};
			buildConfigurationList = 762808FA1D5FB088001DE507 /* Build configuration list for PBXProject "EasyDate" */;
			compatibilityVersion = "Xcode 3.2";
			developmentRegion = English;
			hasScannedForEncodings = 0;
			knownRegions = (
				en,
				Base,
			);
			mainGroup = 762808F61D5FB088001DE507;
			productRefGroup = 762809001D5FB088001DE507 /* Products */;
			projectDirPath = "";
			projectRoot = "";
			targets = (
				762808FE1D5FB088001DE507 /* EasyDate */,
				7670628B1D5FBC7E0051DDBE /* EasyDateTests */,
			);
		};
/* End PBXProject section */

/* Begin PBXResourcesBuildPhase section */
		762808FD1D5FB088001DE507 /* Resources */ = {
			isa = PBXResourcesBuildPhase;
			buildActionMask = 2147483647;
			files = (
				762809151D5FB088001DE507 /* LaunchScreen.storyboard in Resources */,
				7670629B1D60BAB60051DDBE /* EasyDate.podspec.json in Resources */,
				762809121D5FB088001DE507 /* Assets.xcassets in Resources */,
				7628090D1D5FB088001DE507 /* Main.storyboard in Resources */,
			);
			runOnlyForDeploymentPostprocessing = 0;
		};
		7670628A1D5FBC7E0051DDBE /* Resources */ = {
			isa = PBXResourcesBuildPhase;
			buildActionMask = 2147483647;
			files = (
			);
			runOnlyForDeploymentPostprocessing = 0;
		};
/* End PBXResourcesBuildPhase section */

/* Begin PBXShellScriptBuildPhase section */
		3E4C0A041DA2B0F78679BA83 /* [CP] Check Pods Manifest.lock */ = {
			isa = PBXShellScriptBuildPhase;
			buildActionMask = 2147483647;
			files = (
			);
			inputPaths = (
				"${PODS_PODFILE_DIR_PATH}/Podfile.lock",
				"${PODS_ROOT}/Manifest.lock",
			);
			name = "[CP] Check Pods Manifest.lock";
			outputPaths = (
				"$(DERIVED_FILE_DIR)/Pods-EasyDateTests-checkManifestLockResult.txt",
			);
			runOnlyForDeploymentPostprocessing = 0;
			shellPath = /bin/sh;
			shellScript = "diff \"${PODS_PODFILE_DIR_PATH}/Podfile.lock\" \"${PODS_ROOT}/Manifest.lock\" > /dev/null\nif [ $? != 0 ] ; then\n    # print error to STDERR\n    echo \"error: The sandbox is not in sync with the Podfile.lock. Run 'pod install' or update your CocoaPods installation.\" >&2\n    exit 1\nfi\n# This output is used by Xcode 'outputs' to avoid re-running this script phase.\necho \"SUCCESS\" > \"${SCRIPT_OUTPUT_FILE_0}\"\n";
			showEnvVarsInLog = 0;
		};
		94E7D9E155BBAE142FBCFF15 /* [CP] Copy Pods Resources */ = {
			isa = PBXShellScriptBuildPhase;
			buildActionMask = 2147483647;
			files = (
			);
			inputPaths = (
				"${PODS_ROOT}/Target Support Files/Pods-EasyDate/Pods-EasyDate-resources.sh",
				"${PODS_ROOT}/DateTools/DateTools/DateTools/DateTools.bundle",
			);
			name = "[CP] Copy Pods Resources";
			outputPaths = (
				"${TARGET_BUILD_DIR}/${UNLOCALIZED_RESOURCES_FOLDER_PATH}/DateTools.bundle",
			);
			runOnlyForDeploymentPostprocessing = 0;
			shellPath = /bin/sh;
			shellScript = "\"${PODS_ROOT}/Target Support Files/Pods-EasyDate/Pods-EasyDate-resources.sh\"\n";
			showEnvVarsInLog = 0;
		};
		E0D4EB60D68B9F9239C8B806 /* [CP] Check Pods Manifest.lock */ = {
			isa = PBXShellScriptBuildPhase;
			buildActionMask = 2147483647;
			files = (
			);
			inputPaths = (
				"${PODS_PODFILE_DIR_PATH}/Podfile.lock",
				"${PODS_ROOT}/Manifest.lock",
			);
			name = "[CP] Check Pods Manifest.lock";
			outputPaths = (
				"$(DERIVED_FILE_DIR)/Pods-EasyDate-checkManifestLockResult.txt",
			);
			runOnlyForDeploymentPostprocessing = 0;
			shellPath = /bin/sh;
			shellScript = "diff \"${PODS_PODFILE_DIR_PATH}/Podfile.lock\" \"${PODS_ROOT}/Manifest.lock\" > /dev/null\nif [ $? != 0 ] ; then\n    # print error to STDERR\n    echo \"error: The sandbox is not in sync with the Podfile.lock. Run 'pod install' or update your CocoaPods installation.\" >&2\n    exit 1\nfi\n# This output is used by Xcode 'outputs' to avoid re-running this script phase.\necho \"SUCCESS\" > \"${SCRIPT_OUTPUT_FILE_0}\"\n";
			showEnvVarsInLog = 0;
		};
/* End PBXShellScriptBuildPhase section */

/* Begin PBXSourcesBuildPhase section */
		762808FB1D5FB088001DE507 /* Sources */ = {
			isa = PBXSourcesBuildPhase;
			buildActionMask = 2147483647;
			files = (
				7628090A1D5FB088001DE507 /* ViewController.m in Sources */,
				7628091F1D5FB12B001DE507 /* NSDate+Easy.m in Sources */,
				762809101D5FB088001DE507 /* EasyDate.xcdatamodeld in Sources */,
				767062981D60B9E30051DDBE /* NSString+EasyDate.m in Sources */,
				762809071D5FB088001DE507 /* AppDelegate.m in Sources */,
				762809041D5FB088001DE507 /* main.m in Sources */,
			);
			runOnlyForDeploymentPostprocessing = 0;
		};
		767062881D5FBC7E0051DDBE /* Sources */ = {
			isa = PBXSourcesBuildPhase;
			buildActionMask = 2147483647;
			files = (
				7670628F1D5FBC7E0051DDBE /* EasyDateTests.m in Sources */,
			);
			runOnlyForDeploymentPostprocessing = 0;
		};
/* End PBXSourcesBuildPhase section */

/* Begin PBXTargetDependency section */
		767062921D5FBC7E0051DDBE /* PBXTargetDependency */ = {
			isa = PBXTargetDependency;
			target = 762808FE1D5FB088001DE507 /* EasyDate */;
			targetProxy = 767062911D5FBC7E0051DDBE /* PBXContainerItemProxy */;
		};
/* End PBXTargetDependency section */

/* Begin PBXVariantGroup section */
		7628090B1D5FB088001DE507 /* Main.storyboard */ = {
			isa = PBXVariantGroup;
			children = (
				7628090C1D5FB088001DE507 /* Base */,
			);
			name = Main.storyboard;
			sourceTree = "<group>";
		};
		762809131D5FB088001DE507 /* LaunchScreen.storyboard */ = {
			isa = PBXVariantGroup;
			children = (
				762809141D5FB088001DE507 /* Base */,
			);
			name = LaunchScreen.storyboard;
			sourceTree = "<group>";
		};
/* End PBXVariantGroup section */

/* Begin XCBuildConfiguration section */
		762809171D5FB088001DE507 /* Debug */ = {
			isa = XCBuildConfiguration;
			buildSettings = {
				ALWAYS_SEARCH_USER_PATHS = NO;
				CLANG_ANALYZER_NONNULL = YES;
				CLANG_CXX_LANGUAGE_STANDARD = "gnu++0x";
				CLANG_CXX_LIBRARY = "libc++";
				CLANG_ENABLE_MODULES = YES;
				CLANG_ENABLE_OBJC_ARC = YES;
				CLANG_WARN_BLOCK_CAPTURE_AUTORELEASING = YES;
				CLANG_WARN_BOOL_CONVERSION = YES;
				CLANG_WARN_COMMA = YES;
				CLANG_WARN_CONSTANT_CONVERSION = YES;
				CLANG_WARN_DEPRECATED_OBJC_IMPLEMENTATIONS = YES;
				CLANG_WARN_DIRECT_OBJC_ISA_USAGE = YES_ERROR;
				CLANG_WARN_EMPTY_BODY = YES;
				CLANG_WARN_ENUM_CONVERSION = YES;
				CLANG_WARN_INFINITE_RECURSION = YES;
				CLANG_WARN_INT_CONVERSION = YES;
				CLANG_WARN_NON_LITERAL_NULL_CONVERSION = YES;
				CLANG_WARN_OBJC_IMPLICIT_RETAIN_SELF = YES;
				CLANG_WARN_OBJC_LITERAL_CONVERSION = YES;
				CLANG_WARN_OBJC_ROOT_CLASS = YES_ERROR;
				CLANG_WARN_RANGE_LOOP_ANALYSIS = YES;
				CLANG_WARN_STRICT_PROTOTYPES = YES;
				CLANG_WARN_SUSPICIOUS_MOVE = YES;
				CLANG_WARN_UNREACHABLE_CODE = YES;
				CLANG_WARN__DUPLICATE_METHOD_MATCH = YES;
				"CODE_SIGN_IDENTITY[sdk=iphoneos*]" = "iPhone Developer";
				COPY_PHASE_STRIP = NO;
				DEBUG_INFORMATION_FORMAT = dwarf;
				ENABLE_STRICT_OBJC_MSGSEND = YES;
				ENABLE_TESTABILITY = YES;
				GCC_C_LANGUAGE_STANDARD = gnu99;
				GCC_DYNAMIC_NO_PIC = NO;
				GCC_NO_COMMON_BLOCKS = YES;
				GCC_OPTIMIZATION_LEVEL = 0;
				GCC_PREPROCESSOR_DEFINITIONS = (
					"DEBUG=1",
					"$(inherited)",
				);
				GCC_WARN_64_TO_32_BIT_CONVERSION = YES;
				GCC_WARN_ABOUT_RETURN_TYPE = YES_ERROR;
				GCC_WARN_UNDECLARED_SELECTOR = YES;
				GCC_WARN_UNINITIALIZED_AUTOS = YES_AGGRESSIVE;
				GCC_WARN_UNUSED_FUNCTION = YES;
				GCC_WARN_UNUSED_VARIABLE = YES;
				HEADER_SEARCH_PATHS = "$(inherited)";
				IPHONEOS_DEPLOYMENT_TARGET = 9.3;
				LIBRARY_SEARCH_PATHS = "$(inherited)";
				MTL_ENABLE_DEBUG_INFO = YES;
				ONLY_ACTIVE_ARCH = YES;
				SDKROOT = iphoneos;
				TARGETED_DEVICE_FAMILY = "1,2";
			};
			name = Debug;
		};
		762809181D5FB088001DE507 /* Release */ = {
			isa = XCBuildConfiguration;
			buildSettings = {
				ALWAYS_SEARCH_USER_PATHS = NO;
				CLANG_ANALYZER_NONNULL = YES;
				CLANG_CXX_LANGUAGE_STANDARD = "gnu++0x";
				CLANG_CXX_LIBRARY = "libc++";
				CLANG_ENABLE_MODULES = YES;
				CLANG_ENABLE_OBJC_ARC = YES;
				CLANG_WARN_BLOCK_CAPTURE_AUTORELEASING = YES;
				CLANG_WARN_BOOL_CONVERSION = YES;
				CLANG_WARN_COMMA = YES;
				CLANG_WARN_CONSTANT_CONVERSION = YES;
				CLANG_WARN_DEPRECATED_OBJC_IMPLEMENTATIONS = YES;
				CLANG_WARN_DIRECT_OBJC_ISA_USAGE = YES_ERROR;
				CLANG_WARN_EMPTY_BODY = YES;
				CLANG_WARN_ENUM_CONVERSION = YES;
				CLANG_WARN_INFINITE_RECURSION = YES;
				CLANG_WARN_INT_CONVERSION = YES;
				CLANG_WARN_NON_LITERAL_NULL_CONVERSION = YES;
				CLANG_WARN_OBJC_IMPLICIT_RETAIN_SELF = YES;
				CLANG_WARN_OBJC_LITERAL_CONVERSION = YES;
				CLANG_WARN_OBJC_ROOT_CLASS = YES_ERROR;
				CLANG_WARN_RANGE_LOOP_ANALYSIS = YES;
				CLANG_WARN_STRICT_PROTOTYPES = YES;
				CLANG_WARN_SUSPICIOUS_MOVE = YES;
				CLANG_WARN_UNREACHABLE_CODE = YES;
				CLANG_WARN__DUPLICATE_METHOD_MATCH = YES;
				"CODE_SIGN_IDENTITY[sdk=iphoneos*]" = "iPhone Developer";
				COPY_PHASE_STRIP = NO;
				DEBUG_INFORMATION_FORMAT = "dwarf-with-dsym";
				ENABLE_NS_ASSERTIONS = NO;
				ENABLE_STRICT_OBJC_MSGSEND = YES;
				GCC_C_LANGUAGE_STANDARD = gnu99;
				GCC_NO_COMMON_BLOCKS = YES;
				GCC_WARN_64_TO_32_BIT_CONVERSION = YES;
				GCC_WARN_ABOUT_RETURN_TYPE = YES_ERROR;
				GCC_WARN_UNDECLARED_SELECTOR = YES;
				GCC_WARN_UNINITIALIZED_AUTOS = YES_AGGRESSIVE;
				GCC_WARN_UNUSED_FUNCTION = YES;
				GCC_WARN_UNUSED_VARIABLE = YES;
				HEADER_SEARCH_PATHS = "$(inherited)";
				IPHONEOS_DEPLOYMENT_TARGET = 9.3;
				LIBRARY_SEARCH_PATHS = "$(inherited)";
				MTL_ENABLE_DEBUG_INFO = NO;
				SDKROOT = iphoneos;
				TARGETED_DEVICE_FAMILY = "1,2";
				VALIDATE_PRODUCT = YES;
			};
			name = Release;
		};
		7628091A1D5FB088001DE507 /* Debug */ = {
			isa = XCBuildConfiguration;
			baseConfigurationReference = 128141AE48352838E197C364 /* Pods-EasyDate.debug.xcconfig */;
			buildSettings = {
				ASSETCATALOG_COMPILER_APPICON_NAME = AppIcon;
				INFOPLIST_FILE = EasyDate/Info.plist;
				LD_RUNPATH_SEARCH_PATHS = "$(inherited) @executable_path/Frameworks";
				PRODUCT_BUNDLE_IDENTIFIER = works.revo.EasyDate;
				PRODUCT_NAME = "$(TARGET_NAME)";
			};
			name = Debug;
		};
		7628091B1D5FB088001DE507 /* Release */ = {
			isa = XCBuildConfiguration;
			baseConfigurationReference = ED343870285DEBB9FBC7555A /* Pods-EasyDate.release.xcconfig */;
			buildSettings = {
				ASSETCATALOG_COMPILER_APPICON_NAME = AppIcon;
				INFOPLIST_FILE = EasyDate/Info.plist;
				LD_RUNPATH_SEARCH_PATHS = "$(inherited) @executable_path/Frameworks";
				PRODUCT_BUNDLE_IDENTIFIER = works.revo.EasyDate;
				PRODUCT_NAME = "$(TARGET_NAME)";
			};
			name = Release;
		};
		767062931D5FBC7E0051DDBE /* Debug */ = {
			isa = XCBuildConfiguration;
			baseConfigurationReference = F1A3389D3A151703920EA7AD /* Pods-EasyDateTests.debug.xcconfig */;
			buildSettings = {
				BUNDLE_LOADER = "$(TEST_HOST)";
				INFOPLIST_FILE = EasyDateTests/Info.plist;
				LD_RUNPATH_SEARCH_PATHS = "$(inherited) @executable_path/Frameworks @loader_path/Frameworks";
				PRODUCT_BUNDLE_IDENTIFIER = works.revo.EasyDateTests;
				PRODUCT_NAME = "$(TARGET_NAME)";
				TEST_HOST = "$(BUILT_PRODUCTS_DIR)/EasyDate.app/EasyDate";
			};
			name = Debug;
		};
		767062941D5FBC7E0051DDBE /* Release */ = {
			isa = XCBuildConfiguration;
			baseConfigurationReference = A478CEB168DE164F071E6312 /* Pods-EasyDateTests.release.xcconfig */;
			buildSettings = {
				BUNDLE_LOADER = "$(TEST_HOST)";
				INFOPLIST_FILE = EasyDateTests/Info.plist;
				LD_RUNPATH_SEARCH_PATHS = "$(inherited) @executable_path/Frameworks @loader_path/Frameworks";
				PRODUCT_BUNDLE_IDENTIFIER = works.revo.EasyDateTests;
				PRODUCT_NAME = "$(TARGET_NAME)";
				TEST_HOST = "$(BUILT_PRODUCTS_DIR)/EasyDate.app/EasyDate";
			};
			name = Release;
		};
/* End XCBuildConfiguration section */

/* Begin XCConfigurationList section */
		762808FA1D5FB088001DE507 /* Build configuration list for PBXProject "EasyDate" */ = {
			isa = XCConfigurationList;
			buildConfigurations = (
				762809171D5FB088001DE507 /* Debug */,
				762809181D5FB088001DE507 /* Release */,
			);
			defaultConfigurationIsVisible = 0;
			defaultConfigurationName = Release;
		};
		762809191D5FB088001DE507 /* Build configuration list for PBXNativeTarget "EasyDate" */ = {
			isa = XCConfigurationList;
			buildConfigurations = (
				7628091A1D5FB088001DE507 /* Debug */,
				7628091B1D5FB088001DE507 /* Release */,
			);
			defaultConfigurationIsVisible = 0;
			defaultConfigurationName = Release;
		};
		767062951D5FBC7E0051DDBE /* Build configuration list for PBXNativeTarget "EasyDateTests" */ = {
			isa = XCConfigurationList;
			buildConfigurations = (
				767062931D5FBC7E0051DDBE /* Debug */,
				767062941D5FBC7E0051DDBE /* Release */,
			);
			defaultConfigurationIsVisible = 0;
			defaultConfigurationName = Release;
		};
/* End XCConfigurationList section */

/* Begin XCVersionGroup section */
		7628090E1D5FB088001DE507 /* EasyDate.xcdatamodeld */ = {
			isa = XCVersionGroup;
			children = (
				7628090F1D5FB088001DE507 /* EasyDate.xcdatamodel */,
			);
			currentVersion = 7628090F1D5FB088001DE507 /* EasyDate.xcdatamodel */;
			path = EasyDate.xcdatamodeld;
			sourceTree = "<group>";
			versionGroupType = wrapper.xcdatamodel;
		};
/* End XCVersionGroup section */
	};
	rootObject = 762808F71D5FB088001DE507 /* Project object */;
}
